<?xml version="1.0" encoding="utf-8"?>
<Project ToolsVersion="4.0" xmlns="http://schemas.microsoft.com/developer/msbuild/2003">
  <ItemGroup>
    <ClCompile Include="pch.cpp" />
    <ClCompile Include="SListTest.cpp" />
    <ClCompile Include="VectorTest.cpp" />
    <ClCompile Include="StackTest.cpp" />
    <ClCompile Include="HashmapTest.cpp" />
    <ClCompile Include="DatumTest.cpp" />
    <ClCompile Include="ScopeTest.cpp" />
    <ClCompile Include="AttributedTest.cpp" />
    <ClCompile Include="AttributedExternalError.cpp">
      <Filter>TestHelpers\AttributedTestHelpers</Filter>
    </ClCompile>
    <ClCompile Include="AttributedFoo.cpp">
      <Filter>TestHelpers\AttributedTestHelpers</Filter>
    </ClCompile>
    <ClCompile Include="AttributedFooChild.cpp">
      <Filter>TestHelpers\AttributedTestHelpers</Filter>
    </ClCompile>
    <ClCompile Include="AttributedInternalError.cpp">
      <Filter>TestHelpers\AttributedTestHelpers</Filter>
    </ClCompile>
    <ClCompile Include="AttributedNative.cpp">
      <Filter>TestHelpers\AttributedTestHelpers</Filter>
    </ClCompile>
    <ClCompile Include="FooRTTI.cpp">
      <Filter>TestHelpers</Filter>
    </ClCompile>
    <ClCompile Include="Foo.cpp">
      <Filter>TestHelpers</Filter>
    </ClCompile>
    <ClCompile Include="XmlParseMasterTest.cpp" />
    <ClCompile Include="AngryBirdsSharedData.cpp">
      <Filter>TestHelpers</Filter>
    </ClCompile>
    <ClCompile Include="AngryBirdsXmlParseHelper.cpp">
      <Filter>TestHelpers</Filter>
    </ClCompile>
    <ClCompile Include="XmlParseHelper.cpp">
      <Filter>TestHelpers</Filter>
    </ClCompile>
    <ClCompile Include="TestSharedData.cpp">
      <Filter>TestHelpers</Filter>
    </ClCompile>
    <ClCompile Include="GraphTest.cpp" />
    <ClCompile Include="FactoryTest.cpp" />
    <ClCompile Include="EntityTest.cpp" />
    <ClCompile Include="ActionTest.cpp" />
    <ClCompile Include="ActorEntity.cpp">
      <Filter>TestHelpers</Filter>
    </ClCompile>
    <ClCompile Include="EventTest.cpp" />
    <ClCompile Include="FooSubscriber.cpp">
      <Filter>TestHelpers</Filter>
    </ClCompile>
    <ClCompile Include="FooTest.cpp" />
    <ClCompile Include="Bar.cpp">
      <Filter>TestHelpers</Filter>
    </ClCompile>
    <ClCompile Include="BarSubscriber.cpp">
      <Filter>TestHelpers</Filter>
    </ClCompile>
    <ClCompile Include="ReactionTest.cpp" />
    <ClCompile Include="SampleEntity.cpp">
      <Filter>TestHelpers</Filter>
    </ClCompile>
  </ItemGroup>
  <ItemGroup>
    <ClInclude Include="pch.h" />
    <ClInclude Include="AttributedExternalError.h">
      <Filter>TestHelpers\AttributedTestHelpers</Filter>
    </ClInclude>
    <ClInclude Include="AttributedFoo.h">
      <Filter>TestHelpers\AttributedTestHelpers</Filter>
    </ClInclude>
    <ClInclude Include="AttributedFooChild.h">
      <Filter>TestHelpers\AttributedTestHelpers</Filter>
    </ClInclude>
    <ClInclude Include="AttributedInternalError.h">
      <Filter>TestHelpers\AttributedTestHelpers</Filter>
    </ClInclude>
    <ClInclude Include="AttributedNative.h">
      <Filter>TestHelpers\AttributedTestHelpers</Filter>
    </ClInclude>
    <ClInclude Include="FooRTTI.h">
      <Filter>TestHelpers</Filter>
    </ClInclude>
    <ClInclude Include="Foo.h">
      <Filter>TestHelpers</Filter>
    </ClInclude>
    <ClInclude Include="AngryBirdsXmlParseHelper.h">
      <Filter>TestHelpers</Filter>
    </ClInclude>
    <ClInclude Include="AngryBirdsSharedData.h">
      <Filter>TestHelpers</Filter>
    </ClInclude>
    <ClInclude Include="XmlParseHelper.h">
      <Filter>TestHelpers</Filter>
    </ClInclude>
    <ClInclude Include="TestSharedData.h">
      <Filter>TestHelpers</Filter>
    </ClInclude>
    <ClInclude Include="ActorEntity.h">
      <Filter>TestHelpers</Filter>
    </ClInclude>
    <ClInclude Include="FooSubscriber.h">
      <Filter>TestHelpers</Filter>
    </ClInclude>
    <ClInclude Include="Bar.h">
      <Filter>TestHelpers</Filter>
    </ClInclude>
    <ClInclude Include="BarSubscriber.h">
      <Filter>TestHelpers</Filter>
    </ClInclude>
    <ClInclude Include="SampleEntity.h">
      <Filter>TestHelpers</Filter>
    </ClInclude>
  </ItemGroup>
  <ItemGroup>
    <Filter Include="TestHelpers">
      <UniqueIdentifier>{208fc6d3-8635-472e-8296-2127b686e97c}</UniqueIdentifier>
    </Filter>
    <Filter Include="TestHelpers\AttributedTestHelpers">
      <UniqueIdentifier>{b497aafa-4779-4a93-937c-6475163552b6}</UniqueIdentifier>
    </Filter>
  </ItemGroup>
</Project>
