<?xml version="1.0" encoding="utf-8"?>
<Project ToolsVersion="4.0" xmlns="http://schemas.microsoft.com/developer/msbuild/2003">
  <ItemGroup>
    <ClInclude Include="pch.h" />
    <ClInclude Include="Datum.h" />
    <ClInclude Include="RTTI.h" />
    <ClInclude Include="Scope.h" />
    <ClInclude Include="Attributed.h" />
    <ClInclude Include="Vector.h">
      <Filter>Containers</Filter>
    </ClInclude>
    <ClInclude Include="Stack.h">
      <Filter>Containers</Filter>
    </ClInclude>
    <ClInclude Include="SList.h">
      <Filter>Containers</Filter>
    </ClInclude>
    <ClInclude Include="Hashmap.h">
      <Filter>Containers</Filter>
    </ClInclude>
    <ClInclude Include="DefaultReserveStrategy.h">
      <Filter>Containers</Filter>
    </ClInclude>
    <ClInclude Include="DefaultHash.h">
      <Filter>Containers</Filter>
    </ClInclude>
    <ClInclude Include="IXmlParseHelper.h" />
    <ClInclude Include="XmlParseMaster.h" />
    <ClInclude Include="XmlParseHelperTable.h" />
    <ClInclude Include="XmlParseHelperPrimitives.h" />
    <ClInclude Include="Graph.h" />
    <ClInclude Include="XmlParseHelperNameValue.h" />
    <ClInclude Include="XmlParseHelperVector.h" />
    <ClInclude Include="XmlParseHelperMatrix.h" />
  </ItemGroup>
  <ItemGroup>
    <ClCompile Include="pch.cpp" />
    <ClCompile Include="Datum.cpp" />
    <ClCompile Include="Scope.cpp" />
    <ClCompile Include="Attributed.cpp" />
    <ClCompile Include="DefaultReserveStrategy.cpp">
      <Filter>Containers</Filter>
    </ClCompile>
    <ClCompile Include="DefaultHash.cpp">
      <Filter>Containers</Filter>
    </ClCompile>
    <ClCompile Include="XmlParseMaster.cpp" />
    <ClCompile Include="XmlParseHelperTable.cpp" />
    <ClCompile Include="XmlParseHelperPrimitives.cpp" />
    <ClCompile Include="XmlParseHelperNameValue.cpp" />
    <ClCompile Include="XmlParseHelperVector.cpp" />
    <ClCompile Include="XmlParseHelperMatrix.cpp" />
  </ItemGroup>
  <ItemGroup>
    <None Include="Vector.inl">
      <Filter>Containers</Filter>
    </None>
    <None Include="Stack.inl">
      <Filter>Containers</Filter>
    </None>
    <None Include="SList.inl">
      <Filter>Containers</Filter>
    </None>
    <None Include="Hashmap.inl">
      <Filter>Containers</Filter>
    </None>
    <None Include="Graph.inl" />
  </ItemGroup>
  <ItemGroup>
    <Filter Include="Containers">
      <UniqueIdentifier>{9200d2f2-c985-4c30-b54a-2eed345be36e}</UniqueIdentifier>
    </Filter>
    <Filter Include="XmlParseHelpers">
      <UniqueIdentifier>{5a96a001-e4a9-4694-9437-8c9cc16c73c2}</UniqueIdentifier>
    </Filter>
  </ItemGroup>
</Project>