<?xml version="1.0" encoding="utf-8"?>
<Project ToolsVersion="4.0" xmlns="http://schemas.microsoft.com/developer/msbuild/2003">
  <ItemGroup>
    <ClInclude Include="pch.h" />
    <ClInclude Include="RTTI.h" />
    <ClInclude Include="Vector.h">
      <Filter>Containers</Filter>
    </ClInclude>
    <ClInclude Include="Stack.h">
      <Filter>Containers</Filter>
    </ClInclude>
    <ClInclude Include="SList.h">
      <Filter>Containers</Filter>
    </ClInclude>
    <ClInclude Include="Hashmap.h">
      <Filter>Containers</Filter>
    </ClInclude>
    <ClInclude Include="IXmlParseHelper.h" />
    <ClInclude Include="XmlParseMaster.h" />
    <ClInclude Include="Factory.h" />
    <ClInclude Include="XmlParseHelperTable.h">
      <Filter>XmlParseHelpers</Filter>
    </ClInclude>
    <ClInclude Include="XmlParseHelperPrimitives.h">
      <Filter>XmlParseHelpers</Filter>
    </ClInclude>
    <ClInclude Include="XmlParseHelperNameValue.h">
      <Filter>XmlParseHelpers</Filter>
    </ClInclude>
    <ClInclude Include="XmlParseHelperWorld.h">
      <Filter>XmlParseHelpers</Filter>
    </ClInclude>
    <ClInclude Include="XmlParseHelperSector.h">
      <Filter>XmlParseHelpers</Filter>
    </ClInclude>
    <ClInclude Include="XmlParseHelperEntity.h">
      <Filter>XmlParseHelpers</Filter>
    </ClInclude>
    <ClInclude Include="XmlParseHelperAction.h">
      <Filter>XmlParseHelpers</Filter>
    </ClInclude>
    <ClInclude Include="Datum.h">
      <Filter>Kernel</Filter>
    </ClInclude>
    <ClInclude Include="Entity.h">
      <Filter>Kernel</Filter>
    </ClInclude>
    <ClInclude Include="Attributed.h">
      <Filter>Kernel</Filter>
    </ClInclude>
    <ClInclude Include="Action.h">
      <Filter>Kernel</Filter>
    </ClInclude>
    <ClInclude Include="Scope.h">
      <Filter>Kernel</Filter>
    </ClInclude>
    <ClInclude Include="Sector.h">
      <Filter>Kernel</Filter>
    </ClInclude>
    <ClInclude Include="World.h">
      <Filter>Kernel</Filter>
    </ClInclude>
    <ClInclude Include="WorldState.h">
      <Filter>Kernel</Filter>
    </ClInclude>
    <ClInclude Include="ActionList.h">
      <Filter>Kernel\Actions</Filter>
    </ClInclude>
    <ClInclude Include="Graph.h">
      <Filter>Containers</Filter>
    </ClInclude>
    <ClInclude Include="Game.h">
      <Filter>Game</Filter>
    </ClInclude>
    <ClInclude Include="GameClock.h">
      <Filter>Game</Filter>
    </ClInclude>
    <ClInclude Include="GameTime.h">
      <Filter>Game</Filter>
    </ClInclude>
    <ClInclude Include="SharedDataTable.h">
      <Filter>Game</Filter>
    </ClInclude>
    <ClInclude Include="ActionListSwitch.h">
      <Filter>Kernel\Actions</Filter>
    </ClInclude>
    <ClInclude Include="XmlParseHelperActionSwitch.h">
      <Filter>XmlParseHelpers</Filter>
    </ClInclude>
    <ClInclude Include="DefaultReserveStrategy.h">
      <Filter>Containers\DefaultAlgos</Filter>
    </ClInclude>
    <ClInclude Include="DefaultHash.h">
      <Filter>Containers\DefaultAlgos</Filter>
    </ClInclude>
    <ClInclude Include="ActionExpression.h" />
    <ClInclude Include="XmlParseHelperActionExpression.h">
      <Filter>XmlParseHelpers</Filter>
    </ClInclude>
  </ItemGroup>
  <ItemGroup>
    <ClCompile Include="pch.cpp" />
    <ClCompile Include="XmlParseMaster.cpp" />
    <ClCompile Include="XmlParseHelperTable.cpp">
      <Filter>XmlParseHelpers</Filter>
    </ClCompile>
    <ClCompile Include="XmlParseHelperPrimitives.cpp">
      <Filter>XmlParseHelpers</Filter>
    </ClCompile>
    <ClCompile Include="XmlParseHelperNameValue.cpp">
      <Filter>XmlParseHelpers</Filter>
    </ClCompile>
    <ClCompile Include="XmlParseHelperWorld.cpp">
      <Filter>XmlParseHelpers</Filter>
    </ClCompile>
    <ClCompile Include="XmlParseHelperSector.cpp">
      <Filter>XmlParseHelpers</Filter>
    </ClCompile>
    <ClCompile Include="XmlParseHelperEntity.cpp">
      <Filter>XmlParseHelpers</Filter>
    </ClCompile>
    <ClCompile Include="XmlParseHelperAction.cpp">
      <Filter>XmlParseHelpers</Filter>
    </ClCompile>
    <ClCompile Include="Datum.cpp">
      <Filter>Kernel</Filter>
    </ClCompile>
    <ClCompile Include="Entity.cpp">
      <Filter>Kernel</Filter>
    </ClCompile>
    <ClCompile Include="Attributed.cpp">
      <Filter>Kernel</Filter>
    </ClCompile>
    <ClCompile Include="Action.cpp">
      <Filter>Kernel</Filter>
    </ClCompile>
    <ClCompile Include="Scope.cpp">
      <Filter>Kernel</Filter>
    </ClCompile>
    <ClCompile Include="Sector.cpp">
      <Filter>Kernel</Filter>
    </ClCompile>
    <ClCompile Include="World.cpp">
      <Filter>Kernel</Filter>
    </ClCompile>
    <ClCompile Include="WorldState.cpp">
      <Filter>Kernel</Filter>
    </ClCompile>
    <ClCompile Include="ActionList.cpp">
      <Filter>Kernel\Actions</Filter>
    </ClCompile>
    <ClCompile Include="Game.cpp">
      <Filter>Game</Filter>
    </ClCompile>
    <ClCompile Include="GameClock.cpp">
      <Filter>Game</Filter>
    </ClCompile>
    <ClCompile Include="GameTime.cpp">
      <Filter>Game</Filter>
    </ClCompile>
    <ClCompile Include="SharedDataTable.cpp">
      <Filter>Game</Filter>
    </ClCompile>
    <ClCompile Include="ActionListSwitch.cpp">
      <Filter>Kernel\Actions</Filter>
    </ClCompile>
    <ClCompile Include="XmlParseHelperActionSwitch.cpp">
      <Filter>XmlParseHelpers</Filter>
    </ClCompile>
    <ClCompile Include="DefaultHash.cpp">
      <Filter>Containers\DefaultAlgos</Filter>
    </ClCompile>
    <ClCompile Include="DefaultReserveStrategy.cpp">
      <Filter>Containers\DefaultAlgos</Filter>
    </ClCompile>
    <ClCompile Include="ActionExpression.cpp" />
    <ClCompile Include="XmlParseHelperActionExpression.cpp">
      <Filter>XmlParseHelpers</Filter>
    </ClCompile>
  </ItemGroup>
  <ItemGroup>
    <None Include="Vector.inl">
      <Filter>Containers</Filter>
    </None>
    <None Include="Stack.inl">
      <Filter>Containers</Filter>
    </None>
    <None Include="SList.inl">
      <Filter>Containers</Filter>
    </None>
    <None Include="Hashmap.inl">
      <Filter>Containers</Filter>
    </None>
    <None Include="Factory.inl" />
    <None Include="Graph.inl">
      <Filter>Containers</Filter>
    </None>
  </ItemGroup>
  <ItemGroup>
    <Filter Include="Containers">
      <UniqueIdentifier>{9200d2f2-c985-4c30-b54a-2eed345be36e}</UniqueIdentifier>
    </Filter>
    <Filter Include="XmlParseHelpers">
      <UniqueIdentifier>{5a96a001-e4a9-4694-9437-8c9cc16c73c2}</UniqueIdentifier>
    </Filter>
    <Filter Include="Kernel">
      <UniqueIdentifier>{2033ed55-8f3b-4ec8-bb52-925fe9fb8498}</UniqueIdentifier>
    </Filter>
    <Filter Include="Kernel\Actions">
      <UniqueIdentifier>{4a675d0f-1bc5-41bd-b87b-7d54457da1e0}</UniqueIdentifier>
    </Filter>
    <Filter Include="Game">
      <UniqueIdentifier>{1a8892a5-8c0e-4ec2-9d05-78b2304d8d38}</UniqueIdentifier>
    </Filter>
    <Filter Include="Containers\DefaultAlgos">
      <UniqueIdentifier>{12cdb7e0-222a-48dc-a856-d8af539b5712}</UniqueIdentifier>
    </Filter>
  </ItemGroup>
</Project>