<?xml version="1.0" encoding="utf-8"?>
<Project ToolsVersion="4.0" xmlns="http://schemas.microsoft.com/developer/msbuild/2003">
  <ItemGroup>
    <ClInclude Include="pch.h" />
    <ClInclude Include="Datum.h" />
    <ClInclude Include="RTTI.h" />
    <ClInclude Include="Scope.h" />
    <ClInclude Include="Attributed.h" />
    <ClInclude Include="Vector.h">
      <Filter>Containers</Filter>
    </ClInclude>
    <ClInclude Include="Stack.h">
      <Filter>Containers</Filter>
    </ClInclude>
    <ClInclude Include="SList.h">
      <Filter>Containers</Filter>
    </ClInclude>
    <ClInclude Include="Hashmap.h">
      <Filter>Containers</Filter>
    </ClInclude>
    <ClInclude Include="DefaultReserveStrategy.h">
      <Filter>Containers</Filter>
    </ClInclude>
    <ClInclude Include="DefaultHash.h">
      <Filter>Containers</Filter>
    </ClInclude>
    <ClInclude Include="IXmlParseHelper.h" />
    <ClInclude Include="XmlParseMaster.h" />
    <ClInclude Include="Graph.h" />
    <ClInclude Include="SharedDataTable.h" />
    <ClInclude Include="Factory.h" />
    <ClInclude Include="Entity.h" />
    <ClInclude Include="Sector.h" />
    <ClInclude Include="World.h" />
    <ClInclude Include="WorldState.h" />
    <ClInclude Include="XmlParseHelperTable.h">
      <Filter>XmlParseHelpers</Filter>
    </ClInclude>
    <ClInclude Include="XmlParseHelperPrimitives.h">
      <Filter>XmlParseHelpers</Filter>
    </ClInclude>
    <ClInclude Include="XmlParseHelperNameValue.h">
      <Filter>XmlParseHelpers</Filter>
    </ClInclude>
    <ClInclude Include="GameClock.h" />
    <ClInclude Include="GameTime.h" />
    <ClInclude Include="XmlParseHelperWorld.h">
      <Filter>XmlParseHelpers</Filter>
    </ClInclude>
    <ClInclude Include="XmlParseHelperSector.h">
      <Filter>XmlParseHelpers</Filter>
    </ClInclude>
    <ClInclude Include="XmlParseHelperEntity.h">
      <Filter>XmlParseHelpers</Filter>
    </ClInclude>
    <ClInclude Include="Action.h" />
    <ClInclude Include="Game.h" />
    <ClInclude Include="XmlParseHelperAction.h">
      <Filter>XmlParseHelpers</Filter>
    </ClInclude>
    <ClInclude Include="ActionList.h" />
  </ItemGroup>
  <ItemGroup>
    <ClCompile Include="pch.cpp" />
    <ClCompile Include="Datum.cpp" />
    <ClCompile Include="Scope.cpp" />
    <ClCompile Include="Attributed.cpp" />
    <ClCompile Include="DefaultReserveStrategy.cpp">
      <Filter>Containers</Filter>
    </ClCompile>
    <ClCompile Include="DefaultHash.cpp">
      <Filter>Containers</Filter>
    </ClCompile>
    <ClCompile Include="XmlParseMaster.cpp" />
    <ClCompile Include="SharedDataTable.cpp" />
    <ClCompile Include="Entity.cpp" />
    <ClCompile Include="Sector.cpp" />
    <ClCompile Include="World.cpp" />
    <ClCompile Include="WorldState.cpp" />
    <ClCompile Include="XmlParseHelperTable.cpp">
      <Filter>XmlParseHelpers</Filter>
    </ClCompile>
    <ClCompile Include="XmlParseHelperPrimitives.cpp">
      <Filter>XmlParseHelpers</Filter>
    </ClCompile>
    <ClCompile Include="XmlParseHelperNameValue.cpp">
      <Filter>XmlParseHelpers</Filter>
    </ClCompile>
    <ClCompile Include="GameClock.cpp" />
    <ClCompile Include="GameTime.cpp" />
    <ClCompile Include="XmlParseHelperWorld.cpp">
      <Filter>XmlParseHelpers</Filter>
    </ClCompile>
    <ClCompile Include="XmlParseHelperSector.cpp">
      <Filter>XmlParseHelpers</Filter>
    </ClCompile>
    <ClCompile Include="XmlParseHelperEntity.cpp">
      <Filter>XmlParseHelpers</Filter>
    </ClCompile>
    <ClCompile Include="Action.cpp" />
    <ClCompile Include="Game.cpp" />
    <ClCompile Include="XmlParseHelperAction.cpp">
      <Filter>XmlParseHelpers</Filter>
    </ClCompile>
    <ClCompile Include="ActionList.cpp" />
  </ItemGroup>
  <ItemGroup>
    <None Include="Vector.inl">
      <Filter>Containers</Filter>
    </None>
    <None Include="Stack.inl">
      <Filter>Containers</Filter>
    </None>
    <None Include="SList.inl">
      <Filter>Containers</Filter>
    </None>
    <None Include="Hashmap.inl">
      <Filter>Containers</Filter>
    </None>
    <None Include="Graph.inl" />
    <None Include="Factory.inl" />
  </ItemGroup>
  <ItemGroup>
    <Filter Include="Containers">
      <UniqueIdentifier>{9200d2f2-c985-4c30-b54a-2eed345be36e}</UniqueIdentifier>
    </Filter>
    <Filter Include="XmlParseHelpers">
      <UniqueIdentifier>{5a96a001-e4a9-4694-9437-8c9cc16c73c2}</UniqueIdentifier>
    </Filter>
  </ItemGroup>
</Project>