<?xml version="1.0" encoding="utf-8"?>
<Project ToolsVersion="4.0" xmlns="http://schemas.microsoft.com/developer/msbuild/2003">
  <ItemGroup>
    <ClInclude Include="pch.h" />
    <ClInclude Include="RTTI.h" />
    <ClInclude Include="Vector.h">
      <Filter>Containers</Filter>
    </ClInclude>
    <ClInclude Include="Stack.h">
      <Filter>Containers</Filter>
    </ClInclude>
    <ClInclude Include="SList.h">
      <Filter>Containers</Filter>
    </ClInclude>
    <ClInclude Include="Hashmap.h">
      <Filter>Containers</Filter>
    </ClInclude>
    <ClInclude Include="IXmlParseHelper.h" />
    <ClInclude Include="XmlParseMaster.h" />
    <ClInclude Include="Factory.h" />
    <ClInclude Include="XmlParseHelperTable.h">
      <Filter>XmlParseHelpers</Filter>
    </ClInclude>
    <ClInclude Include="XmlParseHelperPrimitives.h">
      <Filter>XmlParseHelpers</Filter>
    </ClInclude>
    <ClInclude Include="XmlParseHelperNameValue.h">
      <Filter>XmlParseHelpers</Filter>
    </ClInclude>
    <ClInclude Include="XmlParseHelperWorld.h">
      <Filter>XmlParseHelpers</Filter>
    </ClInclude>
    <ClInclude Include="XmlParseHelperSector.h">
      <Filter>XmlParseHelpers</Filter>
    </ClInclude>
    <ClInclude Include="XmlParseHelperEntity.h">
      <Filter>XmlParseHelpers</Filter>
    </ClInclude>
    <ClInclude Include="XmlParseHelperAction.h">
      <Filter>XmlParseHelpers</Filter>
    </ClInclude>
    <ClInclude Include="Datum.h">
      <Filter>Kernel</Filter>
    </ClInclude>
    <ClInclude Include="Entity.h">
      <Filter>Kernel</Filter>
    </ClInclude>
    <ClInclude Include="Attributed.h">
      <Filter>Kernel</Filter>
    </ClInclude>
    <ClInclude Include="Action.h">
      <Filter>Kernel</Filter>
    </ClInclude>
    <ClInclude Include="Scope.h">
      <Filter>Kernel</Filter>
    </ClInclude>
    <ClInclude Include="Sector.h">
      <Filter>Kernel</Filter>
    </ClInclude>
    <ClInclude Include="World.h">
      <Filter>Kernel</Filter>
    </ClInclude>
    <ClInclude Include="WorldState.h">
      <Filter>Kernel</Filter>
    </ClInclude>
    <ClInclude Include="ActionList.h">
      <Filter>Kernel\Actions</Filter>
    </ClInclude>
    <ClInclude Include="Graph.h">
      <Filter>Containers</Filter>
    </ClInclude>
    <ClInclude Include="Game.h">
      <Filter>Game</Filter>
    </ClInclude>
    <ClInclude Include="GameClock.h">
      <Filter>Game</Filter>
    </ClInclude>
    <ClInclude Include="GameTime.h">
      <Filter>Game</Filter>
    </ClInclude>
    <ClInclude Include="SharedDataTable.h">
      <Filter>Game</Filter>
    </ClInclude>
    <ClInclude Include="ActionListSwitch.h">
      <Filter>Kernel\Actions</Filter>
    </ClInclude>
    <ClInclude Include="XmlParseHelperActionSwitch.h">
      <Filter>XmlParseHelpers</Filter>
    </ClInclude>
    <ClInclude Include="DefaultReserveStrategy.h">
      <Filter>Containers\DefaultAlgos</Filter>
    </ClInclude>
    <ClInclude Include="DefaultHash.h">
      <Filter>Containers\DefaultAlgos</Filter>
    </ClInclude>
    <ClInclude Include="XmlParseHelperActionExpression.h">
      <Filter>XmlParseHelpers</Filter>
    </ClInclude>
    <ClInclude Include="ActionExpression.h">
      <Filter>Kernel\Actions</Filter>
    </ClInclude>
    <ClInclude Include="IEventSubscriber.h">
      <Filter>Kernel\Event</Filter>
    </ClInclude>
    <ClInclude Include="EventPublisher.h">
      <Filter>Kernel\Event</Filter>
    </ClInclude>
    <ClInclude Include="Event.h">
      <Filter>Kernel\Event</Filter>
    </ClInclude>
    <ClInclude Include="EventQueue.h">
      <Filter>Kernel\Event</Filter>
    </ClInclude>
    <ClInclude Include="Reaction.h">
      <Filter>Kernel\Reaction</Filter>
    </ClInclude>
    <ClInclude Include="ReactionAttributed.h">
      <Filter>Kernel\Reaction</Filter>
    </ClInclude>
    <ClInclude Include="EventMessageAttributed.h">
      <Filter>Kernel\Reaction</Filter>
    </ClInclude>
    <ClInclude Include="ActionEvent.h">
      <Filter>Kernel\Reaction</Filter>
    </ClInclude>
    <ClInclude Include="XmlParseHelperReaction.h">
      <Filter>XmlParseHelpers</Filter>
    </ClInclude>
    <ClInclude Include="XmlParseHelperActionEvent.h">
      <Filter>XmlParseHelpers</Filter>
    </ClInclude>
    <ClInclude Include="ActionIfThenElse.h">
      <Filter>Kernel\Actions</Filter>
    </ClInclude>
    <ClInclude Include="XmlParseHelperActionIf.h">
      <Filter>XmlParseHelpers</Filter>
    </ClInclude>
    <ClInclude Include="ActionWhileLoop.h">
      <Filter>Kernel\Actions</Filter>
    </ClInclude>
    <ClInclude Include="XmlParseHelperActionWhile.h">
      <Filter>XmlParseHelpers</Filter>
    </ClInclude>
    <ClInclude Include="XmlParseHelperSprite.h">
      <Filter>XmlParseHelpers</Filter>
    </ClInclude>
    <ClInclude Include="Renderer.h">
      <Filter>Kernel\Graphic</Filter>
    </ClInclude>
    <ClInclude Include="Renderable.h">
      <Filter>Kernel\Graphic</Filter>
    </ClInclude>
    <ClInclude Include="RenderDevice.h">
      <Filter>Kernel\Graphic</Filter>
    </ClInclude>
    <ClInclude Include="ActionTogglePauseMusic.h">
      <Filter>Kernel\Actions</Filter>
    </ClInclude>
    <ClInclude Include="AudioManager.h" />
    <ClInclude Include="ActionLoadMusic.h">
      <Filter>Kernel\Actions</Filter>
    </ClInclude>
    <ClInclude Include="ActionPlayMusic.h">
      <Filter>Kernel\Actions</Filter>
    </ClInclude>
    <ClInclude Include="ActionStopMusic.h">
      <Filter>Kernel\Actions</Filter>
    </ClInclude>
    <ClInclude Include="XmlParseHelperBeginPlay.h">
      <Filter>XmlParseHelpers</Filter>
    </ClInclude>
    <ClInclude Include="GameObject.h">
      <Filter>Game</Filter>
    </ClInclude>
    <ClInclude Include="XmlParseHelperGameObject.h">
      <Filter>XmlParseHelpers</Filter>
    </ClInclude>
    <ClInclude Include="CircleColliderComponent.h">
      <Filter>Game\Components</Filter>
    </ClInclude>
    <ClInclude Include="Texture.h">
      <Filter>Kernel\Graphic</Filter>
    </ClInclude>
    <ClInclude Include="Shader.h">
      <Filter>Kernel\Graphic</Filter>
    </ClInclude>
    <ClInclude Include="GameObject.h">
      <Filter>Game</Filter>
    </ClInclude>
    <ClInclude Include="XmlParseHelperGameObject.h">
      <Filter>XmlParseHelpers</Filter>
    </ClInclude>
    <ClInclude Include="CircleColliderComponent.h">
      <Filter>Game\Components</Filter>
    </ClInclude>
    <ClInclude Include="XmlParseHelperImage.h">
      <Filter>XmlParseHelpers</Filter>
    </ClInclude>
    <ClInclude Include="XmlParseHelperPolygon.h">
      <Filter>XmlParseHelpers</Filter>
    </ClInclude>
    <ClInclude Include="ActionCreateEntity.h">
      <Filter>Kernel\Actions</Filter>
    </ClInclude>
    <ClInclude Include="ActionDestroyEntity.h">
      <Filter>Kernel\Actions</Filter>
    </ClInclude>
    <ClInclude Include="XmlParseHelperOnDestroy.h">
      <Filter>XmlParseHelpers</Filter>
    </ClInclude>
    <ClInclude Include="InputManager.h">
      <Filter>Kernel\Input</Filter>
    </ClInclude>
    <ClInclude Include="XmlParseHelperCircleColliderComponent.h">
      <Filter>XmlParseHelpers</Filter>
    </ClInclude>
    <ClInclude Include="ActionCreateEntityFromFile.h">
      <Filter>Kernel\Actions</Filter>
    </ClInclude>
    <ClInclude Include="XmlParseHelperDefine.h">
      <Filter>XmlParseHelpers</Filter>
    </ClInclude>
    <ClInclude Include="PolygonRenderer.h">
      <Filter>Kernel\Graphic</Filter>
    </ClInclude>
    <ClInclude Include="SpriteRenderer.h">
      <Filter>Kernel\Graphic</Filter>
    </ClInclude>
    <ClInclude Include="Image.h">
      <Filter>Kernel\Graphic</Filter>
    </ClInclude>
    <ClInclude Include="AnimationState.h">
      <Filter>Kernel\Graphic</Filter>
    </ClInclude>
    <ClInclude Include="Animator.h">
      <Filter>Kernel\Graphic</Filter>
    </ClInclude>
    <ClInclude Include="XmlParseHelperAnimationState.h">
      <Filter>XmlParseHelpers</Filter>
    </ClInclude>
    <ClInclude Include="XmlParseHelperAnimator.h">
      <Filter>XmlParseHelpers</Filter>
    </ClInclude>
    <ClInclude Include="AnimationFrame.h">
      <Filter>Kernel\Graphic</Filter>
    </ClInclude>
    <ClInclude Include="XmlParseHelperAnimationFrame.h">
      <Filter>XmlParseHelpers</Filter>
    </ClInclude>
    <ClInclude Include="FrameBuffer.h">
      <Filter>Kernel\Graphic</Filter>
    </ClInclude>
    <ClInclude Include="Buffer.h">
      <Filter>Kernel\Graphic</Filter>
    </ClInclude>
    <ClInclude Include="PostProcessing.h">
      <Filter>Kernel\Graphic</Filter>
    </ClInclude>
    <ClInclude Include="BloomPostProcessing.h">
      <Filter>Kernel\Graphic</Filter>
    </ClInclude>
    <ClInclude Include="ParticleSystem.h">
      <Filter>Kernel\Graphic</Filter>
    </ClInclude>
    <ClInclude Include="LineParticle.h">
      <Filter>Kernel\Graphic</Filter>
    </ClInclude>
    <ClInclude Include="ActionLoadSector.h">
      <Filter>Kernel\Actions</Filter>
    </ClInclude>
    <ClInclude Include="XmlParseHelperDefineSector.h">
      <Filter>XmlParseHelpers</Filter>
    </ClInclude>
  </ItemGroup>
  <ItemGroup>
    <ClCompile Include="pch.cpp" />
    <ClCompile Include="XmlParseMaster.cpp" />
    <ClCompile Include="XmlParseHelperTable.cpp">
      <Filter>XmlParseHelpers</Filter>
    </ClCompile>
    <ClCompile Include="XmlParseHelperPrimitives.cpp">
      <Filter>XmlParseHelpers</Filter>
    </ClCompile>
    <ClCompile Include="XmlParseHelperNameValue.cpp">
      <Filter>XmlParseHelpers</Filter>
    </ClCompile>
    <ClCompile Include="XmlParseHelperWorld.cpp">
      <Filter>XmlParseHelpers</Filter>
    </ClCompile>
    <ClCompile Include="XmlParseHelperSector.cpp">
      <Filter>XmlParseHelpers</Filter>
    </ClCompile>
    <ClCompile Include="XmlParseHelperEntity.cpp">
      <Filter>XmlParseHelpers</Filter>
    </ClCompile>
    <ClCompile Include="XmlParseHelperAction.cpp">
      <Filter>XmlParseHelpers</Filter>
    </ClCompile>
    <ClCompile Include="Datum.cpp">
      <Filter>Kernel</Filter>
    </ClCompile>
    <ClCompile Include="Entity.cpp">
      <Filter>Kernel</Filter>
    </ClCompile>
    <ClCompile Include="Attributed.cpp">
      <Filter>Kernel</Filter>
    </ClCompile>
    <ClCompile Include="Action.cpp">
      <Filter>Kernel</Filter>
    </ClCompile>
    <ClCompile Include="Scope.cpp">
      <Filter>Kernel</Filter>
    </ClCompile>
    <ClCompile Include="Sector.cpp">
      <Filter>Kernel</Filter>
    </ClCompile>
    <ClCompile Include="World.cpp">
      <Filter>Kernel</Filter>
    </ClCompile>
    <ClCompile Include="WorldState.cpp">
      <Filter>Kernel</Filter>
    </ClCompile>
    <ClCompile Include="ActionList.cpp">
      <Filter>Kernel\Actions</Filter>
    </ClCompile>
    <ClCompile Include="Game.cpp">
      <Filter>Game</Filter>
    </ClCompile>
    <ClCompile Include="GameClock.cpp">
      <Filter>Game</Filter>
    </ClCompile>
    <ClCompile Include="GameTime.cpp">
      <Filter>Game</Filter>
    </ClCompile>
    <ClCompile Include="SharedDataTable.cpp">
      <Filter>Game</Filter>
    </ClCompile>
    <ClCompile Include="ActionListSwitch.cpp">
      <Filter>Kernel\Actions</Filter>
    </ClCompile>
    <ClCompile Include="XmlParseHelperActionSwitch.cpp">
      <Filter>XmlParseHelpers</Filter>
    </ClCompile>
    <ClCompile Include="DefaultHash.cpp">
      <Filter>Containers\DefaultAlgos</Filter>
    </ClCompile>
    <ClCompile Include="DefaultReserveStrategy.cpp">
      <Filter>Containers\DefaultAlgos</Filter>
    </ClCompile>
    <ClCompile Include="XmlParseHelperActionExpression.cpp">
      <Filter>XmlParseHelpers</Filter>
    </ClCompile>
    <ClCompile Include="ActionExpression.cpp">
      <Filter>Kernel\Actions</Filter>
    </ClCompile>
    <ClCompile Include="EventPublisher.cpp">
      <Filter>Kernel\Event</Filter>
    </ClCompile>
    <ClCompile Include="EventQueue.cpp">
      <Filter>Kernel\Event</Filter>
    </ClCompile>
    <ClCompile Include="Reaction.cpp">
      <Filter>Kernel\Reaction</Filter>
    </ClCompile>
    <ClCompile Include="ReactionAttributed.cpp">
      <Filter>Kernel\Reaction</Filter>
    </ClCompile>
    <ClCompile Include="EventMessageAttributed.cpp">
      <Filter>Kernel\Reaction</Filter>
    </ClCompile>
    <ClCompile Include="ActionEvent.cpp">
      <Filter>Kernel\Reaction</Filter>
    </ClCompile>
    <ClCompile Include="XmlParseHelperReaction.cpp">
      <Filter>XmlParseHelpers</Filter>
    </ClCompile>
    <ClCompile Include="XmlParseHelperActionEvent.cpp">
      <Filter>XmlParseHelpers</Filter>
    </ClCompile>
    <ClCompile Include="ActionIfThenElse.cpp">
      <Filter>Kernel\Actions</Filter>
    </ClCompile>
    <ClCompile Include="XmlParseHelperActionIf.cpp">
      <Filter>XmlParseHelpers</Filter>
    </ClCompile>
    <ClCompile Include="ActionWhileLoop.cpp">
      <Filter>Kernel\Actions</Filter>
    </ClCompile>
    <ClCompile Include="XmlParseHelperActionWhile.cpp">
      <Filter>XmlParseHelpers</Filter>
    </ClCompile>
    <ClCompile Include="XmlParseHelperSprite.cpp">
      <Filter>XmlParseHelpers</Filter>
    </ClCompile>
    <ClCompile Include="Renderer.cpp">
      <Filter>Kernel\Graphic</Filter>
    </ClCompile>
    <ClCompile Include="XmlParseHelperBeginPlay.cpp">
      <Filter>XmlParseHelpers</Filter>
    </ClCompile>
    <ClCompile Include="GameObject.cpp">
      <Filter>Game</Filter>
    </ClCompile>
    <ClCompile Include="XmlParseHelperGameObject.cpp">
      <Filter>XmlParseHelpers</Filter>
    </ClCompile>
    <ClCompile Include="CircleColliderComponent.cpp">
      <Filter>Game\Components</Filter>
    </ClCompile>
    <ClCompile Include="GameObject.cpp">
      <Filter>Game</Filter>
    </ClCompile>
    <ClCompile Include="XmlParseHelperGameObject.cpp">
      <Filter>XmlParseHelpers</Filter>
    </ClCompile>
    <ClCompile Include="CircleColliderComponent.cpp">
      <Filter>Game\Components</Filter>
    </ClCompile>
    <ClCompile Include="XmlParseHelperImage.cpp">
      <Filter>XmlParseHelpers</Filter>
    </ClCompile>
    <ClCompile Include="XmlParseHelperPolygon.cpp">
      <Filter>XmlParseHelpers</Filter>
    </ClCompile>
    <ClCompile Include="AudioManager.cpp" />
    <ClCompile Include="ActionLoadMusic.cpp">
      <Filter>Kernel\Actions</Filter>
    </ClCompile>
    <ClCompile Include="ActionPlayMusic.cpp">
      <Filter>Kernel\Actions</Filter>
    </ClCompile>
    <ClCompile Include="ActionStopMusic.cpp">
      <Filter>Kernel\Actions</Filter>
    </ClCompile>
    <ClCompile Include="ActionTogglePauseMusic.cpp">
      <Filter>Kernel\Actions</Filter>
    </ClCompile>
    <ClCompile Include="ActionCreateEntity.cpp">
      <Filter>Kernel\Actions</Filter>
    </ClCompile>
    <ClCompile Include="ActionDestroyEntity.cpp">
      <Filter>Kernel\Actions</Filter>
    </ClCompile>
    <ClCompile Include="XmlParseHelperOnDestroy.cpp">
      <Filter>XmlParseHelpers</Filter>
    </ClCompile>
    <ClCompile Include="RTTI.cpp" />
    <ClCompile Include="InputManager.cpp">
      <Filter>Kernel\Input</Filter>
    </ClCompile>
    <ClCompile Include="XmlParseHelperCircleColliderComponent.cpp">
      <Filter>XmlParseHelpers</Filter>
    </ClCompile>
    <ClCompile Include="ActionCreateEntityFromFile.cpp">
      <Filter>Kernel\Actions</Filter>
    </ClCompile>
    <ClCompile Include="XmlParseHelperDefine.cpp">
      <Filter>XmlParseHelpers</Filter>
    </ClCompile>
    <ClCompile Include="SpriteRenderer.cpp">
      <Filter>Kernel\Graphic</Filter>
    </ClCompile>
    <ClCompile Include="Image.cpp">
      <Filter>Kernel\Graphic</Filter>
    </ClCompile>
    <ClCompile Include="AnimationState.cpp">
      <Filter>Kernel\Graphic</Filter>
    </ClCompile>
    <ClCompile Include="Animator.cpp">
      <Filter>Kernel\Graphic</Filter>
    </ClCompile>
    <ClCompile Include="XmlParseHelperAnimationState.cpp">
      <Filter>XmlParseHelpers</Filter>
    </ClCompile>
    <ClCompile Include="XmlParseHelperAnimator.cpp">
      <Filter>XmlParseHelpers</Filter>
    </ClCompile>
    <ClCompile Include="AnimationFrame.cpp">
      <Filter>Kernel\Graphic</Filter>
    </ClCompile>
    <ClCompile Include="XmlParseHelperAnimationFrame.cpp">
      <Filter>XmlParseHelpers</Filter>
    </ClCompile>
    <ClCompile Include="BloomPostProcessing.cpp">
      <Filter>Kernel\Graphic</Filter>
    </ClCompile>
    <ClCompile Include="LineParticle.cpp">
      <Filter>Kernel\Graphic</Filter>
    </ClCompile>
    <ClCompile Include="PolygonRenderer.cpp">
      <Filter>Kernel\Graphic</Filter>
    </ClCompile>
    <ClCompile Include="ActionLoadSector.cpp">
      <Filter>Kernel\Actions</Filter>
    </ClCompile>
    <ClCompile Include="XmlParseHelperDefineSector.cpp">
      <Filter>XmlParseHelpers</Filter>
    </ClCompile>
  </ItemGroup>
  <ItemGroup>
    <None Include="Vector.inl">
      <Filter>Containers</Filter>
    </None>
    <None Include="Stack.inl">
      <Filter>Containers</Filter>
    </None>
    <None Include="SList.inl">
      <Filter>Containers</Filter>
    </None>
    <None Include="Hashmap.inl">
      <Filter>Containers</Filter>
    </None>
    <None Include="Factory.inl" />
    <None Include="Graph.inl">
      <Filter>Containers</Filter>
    </None>
    <None Include="Event.inl">
      <Filter>Kernel\Event</Filter>
    </None>
    <None Include="ParticleSystem.inl">
      <Filter>Kernel\Graphic</Filter>
    </None>
  </ItemGroup>
  <ItemGroup>
    <Filter Include="Containers">
      <UniqueIdentifier>{9200d2f2-c985-4c30-b54a-2eed345be36e}</UniqueIdentifier>
    </Filter>
    <Filter Include="XmlParseHelpers">
      <UniqueIdentifier>{5a96a001-e4a9-4694-9437-8c9cc16c73c2}</UniqueIdentifier>
    </Filter>
    <Filter Include="Kernel">
      <UniqueIdentifier>{2033ed55-8f3b-4ec8-bb52-925fe9fb8498}</UniqueIdentifier>
    </Filter>
    <Filter Include="Kernel\Actions">
      <UniqueIdentifier>{4a675d0f-1bc5-41bd-b87b-7d54457da1e0}</UniqueIdentifier>
    </Filter>
    <Filter Include="Game">
      <UniqueIdentifier>{1a8892a5-8c0e-4ec2-9d05-78b2304d8d38}</UniqueIdentifier>
    </Filter>
    <Filter Include="Containers\DefaultAlgos">
      <UniqueIdentifier>{12cdb7e0-222a-48dc-a856-d8af539b5712}</UniqueIdentifier>
    </Filter>
    <Filter Include="Kernel\Reaction">
      <UniqueIdentifier>{b81e4602-a96f-4506-9204-cf8ee103b9f4}</UniqueIdentifier>
    </Filter>
    <Filter Include="Kernel\Event">
      <UniqueIdentifier>{1701d7bb-f296-4604-b3f4-681d9c373f7f}</UniqueIdentifier>
    </Filter>
    <Filter Include="Kernel\Graphic">
      <UniqueIdentifier>{a512568e-1bf5-4b59-8364-517228890d86}</UniqueIdentifier>
    </Filter>
    <Filter Include="Game\Components">
      <UniqueIdentifier>{38000e7e-7760-4e5c-bdd0-28fb8350c519}</UniqueIdentifier>
    </Filter>
    <Filter Include="Kernel\Input">
      <UniqueIdentifier>{47b9067a-1920-4c6a-9348-923f2602694f}</UniqueIdentifier>
    </Filter>
  </ItemGroup>
</Project>
